
Microsoft Visual Studio Solution File, Format Version 12.00
# Visual Studio Version 17
VisualStudioVersion = 17.5.33627.172
MinimumVisualStudioVersion = 10.0.40219.1
Project("{9A19103F-16F7-4668-BE54-9A1E7A4F7556}") = "SocialNetwork", "SocialNetwork\SocialNetwork.csproj", "{42EB1A0F-6235-4D29-8347-1D2C868960DE}"
EndProject
Project("{FAE04EC0-301F-11D3-BF4B-00C04F79EFBC}") = "SocialNetwork.Tests", "SocialNetwork.Tests\SocialNetwork.Tests.csproj", "{402B7194-A983-4570-BCD3-BE701AA15B44}"
EndProject
Global
	GlobalSection(SolutionConfigurationPlatforms) = preSolution
		Debug|Any CPU = Debug|Any CPU
		Release|Any CPU = Release|Any CPU
	EndGlobalSection
	GlobalSection(ProjectConfigurationPlatforms) = postSolution
		{42EB1A0F-6235-4D29-8347-1D2C868960DE}.Debug|Any CPU.ActiveCfg = Debug|Any CPU
		{42EB1A0F-6235-4D29-8347-1D2C868960DE}.Debug|Any CPU.Build.0 = Debug|Any CPU
		{42EB1A0F-6235-4D29-8347-1D2C868960DE}.Release|Any CPU.ActiveCfg = Release|Any CPU
		{42EB1A0F-6235-4D29-8347-1D2C868960DE}.Release|Any CPU.Build.0 = Release|Any CPU
		{402B7194-A983-4570-BCD3-BE701AA15B44}.Debug|Any CPU.ActiveCfg = Debug|Any CPU
		{402B7194-A983-4570-BCD3-BE701AA15B44}.Debug|Any CPU.Build.0 = Debug|Any CPU
		{402B7194-A983-4570-BCD3-BE701AA15B44}.Release|Any CPU.ActiveCfg = Release|Any CPU
		{402B7194-A983-4570-BCD3-BE701AA15B44}.Release|Any CPU.Build.0 = Release|Any CPU
	EndGlobalSection
	GlobalSection(SolutionProperties) = preSolution
		HideSolutionNode = FALSE
	EndGlobalSection
	GlobalSection(ExtensibilityGlobals) = postSolution
		SolutionGuid = {1EE9834D-2E84-4370-85A5-E3ACE9A2A6CE}
	EndGlobalSection
EndGlobal
